
Microsoft Visual Studio Solution File, Format Version 12.00
# Visual Studio Version 16
VisualStudioVersion = 16.0.30330.147
MinimumVisualStudioVersion = 10.0.40219.1
Project("{FAE04EC0-301F-11D3-BF4B-00C04F79EFBC}") = "GPLApp", "GPLApp\GPLApp.csproj", "{47C8EAAB-1514-43D7-8EEB-D58D29881FF4}"
EndProject
Project("{FAE04EC0-301F-11D3-BF4B-00C04F79EFBC}") = "GPLUnitTesting", "GPLUnitTesting\GPLUnitTesting.csproj", "{23D0B921-7D66-471D-BF6F-89CEE610E16F}"
EndProject
Global
	GlobalSection(SolutionConfigurationPlatforms) = preSolution
		Debug|Any CPU = Debug|Any CPU
		Release|Any CPU = Release|Any CPU
	EndGlobalSection
	GlobalSection(ProjectConfigurationPlatforms) = postSolution
		{47C8EAAB-1514-43D7-8EEB-D58D29881FF4}.Debug|Any CPU.ActiveCfg = Debug|Any CPU
		{47C8EAAB-1514-43D7-8EEB-D58D29881FF4}.Debug|Any CPU.Build.0 = Debug|Any CPU
		{47C8EAAB-1514-43D7-8EEB-D58D29881FF4}.Release|Any CPU.ActiveCfg = Release|Any CPU
		{47C8EAAB-1514-43D7-8EEB-D58D29881FF4}.Release|Any CPU.Build.0 = Release|Any CPU
		{23D0B921-7D66-471D-BF6F-89CEE610E16F}.Debug|Any CPU.ActiveCfg = Debug|Any CPU
		{23D0B921-7D66-471D-BF6F-89CEE610E16F}.Debug|Any CPU.Build.0 = Debug|Any CPU
		{23D0B921-7D66-471D-BF6F-89CEE610E16F}.Release|Any CPU.ActiveCfg = Release|Any CPU
		{23D0B921-7D66-471D-BF6F-89CEE610E16F}.Release|Any CPU.Build.0 = Release|Any CPU
	EndGlobalSection
	GlobalSection(SolutionProperties) = preSolution
		HideSolutionNode = FALSE
	EndGlobalSection
	GlobalSection(ExtensibilityGlobals) = postSolution
		SolutionGuid = {5D37CF04-4B8B-47A2-8060-96E19F27EA7C}
	EndGlobalSection
EndGlobal
